
Microsoft Visual Studio Solution File, Format Version 12.00
# Visual Studio Version 17
VisualStudioVersion = 17.8.34322.80
MinimumVisualStudioVersion = 10.0.40219.1
Project("{8BC9CEB8-8B4A-11D0-8D11-00A0C91BC942}") = "Automaton_Interface", "Automaton_Interface\Automaton_Interface.vcxproj", "{7A144D66-F747-4CB7-A738-5E1B12AE0676}"
EndProject
Global
	GlobalSection(SolutionConfigurationPlatforms) = preSolution
		Debug|x64 = Debug|x64
		Release|x64 = Release|x64
	EndGlobalSection
	GlobalSection(ProjectConfigurationPlatforms) = postSolution
		{7A144D66-F747-4CB7-A738-5E1B12AE0676}.Debug|x64.ActiveCfg = Debug|x64
		{7A144D66-F747-4CB7-A738-5E1B12AE0676}.Debug|x64.Build.0 = Debug|x64
		{7A144D66-F747-4CB7-A738-5E1B12AE0676}.Release|x64.ActiveCfg = Release|x64
		{7A144D66-F747-4CB7-A738-5E1B12AE0676}.Release|x64.Build.0 = Release|x64
	EndGlobalSection
	GlobalSection(SolutionProperties) = preSolution
		HideSolutionNode = FALSE
	EndGlobalSection
	GlobalSection(ExtensibilityGlobals) = postSolution
		SolutionGuid = {A51874AC-5242-4D81-B3DE-9278FBB790A7}
	EndGlobalSection
EndGlobal
