
Microsoft Visual Studio Solution File, Format Version 12.00
# Visual Studio Version 17
VisualStudioVersion = 17.8.34316.72
MinimumVisualStudioVersion = 10.0.40219.1
Project("{8BC9CEB8-8B4A-11D0-8D11-00A0C91BC942}") = "AutomatonInterface", "AutomatonInterface.vcxproj", "{B835C50A-DC7F-4624-8A08-0910BCCC7889}"
EndProject
Global
	GlobalSection(SolutionConfigurationPlatforms) = preSolution
		Debug|x64 = Debug|x64
		Release|x64 = Release|x64
	EndGlobalSection
	GlobalSection(ProjectConfigurationPlatforms) = postSolution
		{B835C50A-DC7F-4624-8A08-0910BCCC7889}.Debug|x64.ActiveCfg = Debug|x64
		{B835C50A-DC7F-4624-8A08-0910BCCC7889}.Debug|x64.Build.0 = Debug|x64
		{B835C50A-DC7F-4624-8A08-0910BCCC7889}.Release|x64.ActiveCfg = Release|x64
		{B835C50A-DC7F-4624-8A08-0910BCCC7889}.Release|x64.Build.0 = Release|x64
	EndGlobalSection
	GlobalSection(SolutionProperties) = preSolution
		HideSolutionNode = FALSE
	EndGlobalSection
	GlobalSection(ExtensibilityGlobals) = postSolution
		SolutionGuid = {60A448D2-916A-45D1-A97E-A3F07B4D7D2C}
	EndGlobalSection
EndGlobal
